FORGE
  remote: https://forgeapi.puppetlabs.com
  specs:
    bfraser-grafana (2.0.2)
      camptocamp-archive (< 2.0.0, >= 0.3.2)
      garethr-docker (< 5.0.0, >= 3.5.0)
      maestrodev-wget (< 2.0.0, >= 1.6.0)
      puppetlabs-stdlib (< 5.0.0, >= 3.2.0)
    camptocamp-archive (0.8.1)
    ceritsc-yum (0.9.6)
      puppetlabs-stdlib (>= 4.0.0)
    darin-zypprepo (1.0.2)
    elasticsearch-elasticsearch (0.9.9)
      ceritsc-yum (< 1.0.0, >= 0.9.6)
      puppetlabs-apt (< 2.0.0, >= 1.4.0)
      puppetlabs-stdlib (< 5.0.0, >= 3.2.0)
    elasticsearch-logstash (0.5.1)
      ispavailability-file_concat (>= 0.1.0)
      puppetlabs-stdlib (>= 3.2.0)
    garethr-docker (4.1.1)
      puppetlabs-apt (<= 3.0.0, >= 1.1.0)
      puppetlabs-stdlib (>= 4.1.0)
      stahnma-epel (>= 0.0.6)
    golja-influxdb (1.1.0)
      puppetlabs-stdlib (>= 1.0.0)
    ispavailability-file_concat (0.3.0)
    lesaux-kibana4 (1.0.1)
      camptocamp-archive (< 1.0.0, >= 0.1.0)
    maestrodev-wget (1.7.1)
    nanliu-staging (1.0.3)
    puppetlabs-apt (1.8.0)
      puppetlabs-stdlib (>= 2.2.1)
    puppetlabs-gcc (0.3.0)
      puppetlabs-stdlib (< 5.0.0, >= 2.0.0)
    puppetlabs-java (1.4.1)
      puppetlabs-stdlib (< 5.0.0, >= 2.4.0)
    puppetlabs-rabbitmq (5.2.3)
      nanliu-staging (< 2.0.0, >= 0.3.1)
      puppetlabs-apt (< 3.0.0, >= 1.8.0)
      puppetlabs-stdlib (< 5.0.0, >= 3.0.0)
    puppetlabs-stdlib (4.9.0)
    puppetlabs-vcsrepo (1.3.1)
    rtyler-jenkins (1.5.0)
      camptocamp-archive (>= 0.8.0)
      darin-zypprepo (< 2.0.0, >= 1.0.1)
      nanliu-staging (< 2.0.0, >= 1.0.0)
      puppetlabs-apt (< 3.0.0, >= 0.0.3)
      puppetlabs-java (< 2.0.0, >= 1.0.1)
      puppetlabs-stdlib (< 5.0.0, >= 4.6.0)
    sensu-sensu (1.5.5)
      maestrodev-wget (< 2.0.0, >= 1.4.5)
      puppetlabs-apt (< 2.0.0, >= 0.0.1)
      puppetlabs-stdlib (< 5.0.0, >= 3.2.0)
    stahnma-epel (1.1.1)

GIT
  remote: git://github.com/zivtech/puppet-webadmin.git
  ref: master
  sha: a71878c8f2f401f6833158db20f1466f6760a64b
  specs:
    zivtech-webadmin (0.0.1)

DEPENDENCIES
  bfraser-grafana (>= 0)
  elasticsearch-elasticsearch (>= 0)
  elasticsearch-logstash (>= 0)
  golja-influxdb (>= 0)
  lesaux-kibana4 (>= 0)
  puppetlabs-gcc (>= 0)
  puppetlabs-rabbitmq (= 5.2.3)
  puppetlabs-vcsrepo (>= 0)
  rtyler-jenkins (>= 0)
  sensu-sensu (>= 0)
  zivtech-webadmin (>= 0)

